
Microsoft Visual Studio Solution File, Format Version 12.00
# Visual Studio 15
VisualStudioVersion = 15.0.28307.902
MinimumVisualStudioVersion = 10.0.40219.1
Project("{FAE04EC0-301F-11D3-BF4B-00C04F79EFBC}") = "PaySlipGenerator.Core", "PaySlipGenerator.Core\PaySlipGenerator.Core.csproj", "{445DDDB8-6191-4182-B63B-C00903623DA6}"
EndProject
Project("{FAE04EC0-301F-11D3-BF4B-00C04F79EFBC}") = "PaySlipGenerator.Infrastructure", "PaySlipGenerator.Infrastructure\PaySlipGenerator.Infrastructure.csproj", "{5038F30D-D0A5-4353-AC2C-EFD2BAED22D9}"
EndProject
Project("{FAE04EC0-301F-11D3-BF4B-00C04F79EFBC}") = "Calculator", "Calculator\Calculator.csproj", "{7D8ADCDD-3DCA-4818-BF7C-3F72D4447EEE}"
EndProject
Project("{FAE04EC0-301F-11D3-BF4B-00C04F79EFBC}") = "Utilities", "Utilities\Utilities.csproj", "{7058459B-3EE1-482B-9996-0BC5AD76D25F}"
EndProject
Project("{FAE04EC0-301F-11D3-BF4B-00C04F79EFBC}") = "PaySlipGenerator.UI", "PaySlipGenerator.UI\PaySlipGenerator.UI.csproj", "{1554F481-55E9-4CAF-A408-97174A653E2A}"
EndProject
Project("{FAE04EC0-301F-11D3-BF4B-00C04F79EFBC}") = "Calculator.Tests", "Calculator.Tests\Calculator.Tests.csproj", "{C5F0ECB1-DA05-4B93-9086-ED2B263829F5}"
EndProject
Global
	GlobalSection(SolutionConfigurationPlatforms) = preSolution
		Debug|Any CPU = Debug|Any CPU
		Release|Any CPU = Release|Any CPU
	EndGlobalSection
	GlobalSection(ProjectConfigurationPlatforms) = postSolution
		{445DDDB8-6191-4182-B63B-C00903623DA6}.Debug|Any CPU.ActiveCfg = Debug|Any CPU
		{445DDDB8-6191-4182-B63B-C00903623DA6}.Debug|Any CPU.Build.0 = Debug|Any CPU
		{445DDDB8-6191-4182-B63B-C00903623DA6}.Release|Any CPU.ActiveCfg = Release|Any CPU
		{445DDDB8-6191-4182-B63B-C00903623DA6}.Release|Any CPU.Build.0 = Release|Any CPU
		{5038F30D-D0A5-4353-AC2C-EFD2BAED22D9}.Debug|Any CPU.ActiveCfg = Debug|Any CPU
		{5038F30D-D0A5-4353-AC2C-EFD2BAED22D9}.Debug|Any CPU.Build.0 = Debug|Any CPU
		{5038F30D-D0A5-4353-AC2C-EFD2BAED22D9}.Release|Any CPU.ActiveCfg = Release|Any CPU
		{5038F30D-D0A5-4353-AC2C-EFD2BAED22D9}.Release|Any CPU.Build.0 = Release|Any CPU
		{7D8ADCDD-3DCA-4818-BF7C-3F72D4447EEE}.Debug|Any CPU.ActiveCfg = Debug|Any CPU
		{7D8ADCDD-3DCA-4818-BF7C-3F72D4447EEE}.Debug|Any CPU.Build.0 = Debug|Any CPU
		{7D8ADCDD-3DCA-4818-BF7C-3F72D4447EEE}.Release|Any CPU.ActiveCfg = Release|Any CPU
		{7D8ADCDD-3DCA-4818-BF7C-3F72D4447EEE}.Release|Any CPU.Build.0 = Release|Any CPU
		{7058459B-3EE1-482B-9996-0BC5AD76D25F}.Debug|Any CPU.ActiveCfg = Debug|Any CPU
		{7058459B-3EE1-482B-9996-0BC5AD76D25F}.Debug|Any CPU.Build.0 = Debug|Any CPU
		{7058459B-3EE1-482B-9996-0BC5AD76D25F}.Release|Any CPU.ActiveCfg = Release|Any CPU
		{7058459B-3EE1-482B-9996-0BC5AD76D25F}.Release|Any CPU.Build.0 = Release|Any CPU
		{1554F481-55E9-4CAF-A408-97174A653E2A}.Debug|Any CPU.ActiveCfg = Debug|Any CPU
		{1554F481-55E9-4CAF-A408-97174A653E2A}.Debug|Any CPU.Build.0 = Debug|Any CPU
		{1554F481-55E9-4CAF-A408-97174A653E2A}.Release|Any CPU.ActiveCfg = Release|Any CPU
		{1554F481-55E9-4CAF-A408-97174A653E2A}.Release|Any CPU.Build.0 = Release|Any CPU
		{C5F0ECB1-DA05-4B93-9086-ED2B263829F5}.Debug|Any CPU.ActiveCfg = Debug|Any CPU
		{C5F0ECB1-DA05-4B93-9086-ED2B263829F5}.Debug|Any CPU.Build.0 = Debug|Any CPU
		{C5F0ECB1-DA05-4B93-9086-ED2B263829F5}.Release|Any CPU.ActiveCfg = Release|Any CPU
		{C5F0ECB1-DA05-4B93-9086-ED2B263829F5}.Release|Any CPU.Build.0 = Release|Any CPU
	EndGlobalSection
	GlobalSection(SolutionProperties) = preSolution
		HideSolutionNode = FALSE
	EndGlobalSection
	GlobalSection(ExtensibilityGlobals) = postSolution
		SolutionGuid = {D04B74FB-7BEC-4FEE-BB73-CE8DA642DE6D}
	EndGlobalSection
EndGlobal
